version = 1
revision = 3
requires-python = ">=3.13"

[[package]]
name = "annotator-kappa"
version = "0.1.0"
source = { virtual = "." }
dependencies = [
    { name = "opencv-python" },
    { name = "pandas" },
    { name = "pynrrd" },
    { name = "scikit-learn" },
]

[package.metadata]
requires-dist = [
    { name = "opencv-python", specifier = ">=4.12.0.88" },
    { name = "pandas", specifier = ">=2.3.2" },
    { name = "pynrrd", specifier = ">=1.1.3" },
    { name = "scikit-learn", specifier = ">=1.7.2" },
]

[[package]]
name = "joblib"
version = "1.5.2"
source = { registry = "https://pypi.org/simple" }
sdist = { url = "https://files.pythonhosted.org/packages/e8/5d/447af5ea094b9e4c4054f82e223ada074c552335b9b4b2d14bd9b35a67c4/joblib-1.5.2.tar.gz", hash = "sha256:3faa5c39054b2f03ca547da9b2f52fde67c06240c31853f306aea97f13647b55", size = 331077, upload-time = "2025-08-27T12:15:46.575Z" }
wheels = [
    { url = "https://files.pythonhosted.org/packages/1e/e8/685f47e0d754320684db4425a0967f7d3fa70126bffd76110b7009a0090f/joblib-1.5.2-py3-none-any.whl", hash = "sha256:4e1f0bdbb987e6d843c70cf43714cb276623def372df3c22fe5266b2670bc241", size = 308396, upload-time = "2025-08-27T12:15:45.188Z" },
]

[[package]]
name = "numpy"
version = "2.2.6"
source = { registry = "https://pypi.org/simple" }
sdist = { url = "https://files.pythonhosted.org/packages/76/21/7d2a95e4bba9dc13d043ee156a356c0a8f0c6309dff6b21b4d71a073b8a8/numpy-2.2.6.tar.gz", hash = "sha256:e29554e2bef54a90aa5cc07da6ce955accb83f21ab5de01a62c8478897b264fd", size = 20276440, upload-time = "2025-05-17T22:38:04.611Z" }
wheels = [
    { url = "https://files.pythonhosted.org/packages/f9/5c/6657823f4f594f72b5471f1db1ab12e26e890bb2e41897522d134d2a3e81/numpy-2.2.6-cp313-cp313-macosx_10_13_x86_64.whl", hash = "sha256:0811bb762109d9708cca4d0b13c4f67146e3c3b7cf8d34018c722adb2d957c84", size = 20867828, upload-time = "2025-05-17T21:37:56.699Z" },
    { url = "https://files.pythonhosted.org/packages/dc/9e/14520dc3dadf3c803473bd07e9b2bd1b69bc583cb2497b47000fed2fa92f/numpy-2.2.6-cp313-cp313-macosx_11_0_arm64.whl", hash = "sha256:287cc3162b6f01463ccd86be154f284d0893d2b3ed7292439ea97eafa8170e0b", size = 14143006, upload-time = "2025-05-17T21:38:18.291Z" },
    { url = "https://files.pythonhosted.org/packages/4f/06/7e96c57d90bebdce9918412087fc22ca9851cceaf5567a45c1f404480e9e/numpy-2.2.6-cp313-cp313-macosx_14_0_arm64.whl", hash = "sha256:f1372f041402e37e5e633e586f62aa53de2eac8d98cbfb822806ce4bbefcb74d", size = 5076765, upload-time = "2025-05-17T21:38:27.319Z" },
    { url = "https://files.pythonhosted.org/packages/73/ed/63d920c23b4289fdac96ddbdd6132e9427790977d5457cd132f18e76eae0/numpy-2.2.6-cp313-cp313-macosx_14_0_x86_64.whl", hash = "sha256:55a4d33fa519660d69614a9fad433be87e5252f4b03850642f88993f7b2ca566", size = 6617736, upload-time = "2025-05-17T21:38:38.141Z" },
    { url = "https://files.pythonhosted.org/packages/85/c5/e19c8f99d83fd377ec8c7e0cf627a8049746da54afc24ef0a0cb73d5dfb5/numpy-2.2.6-cp313-cp313-manylinux_2_17_aarch64.manylinux2014_aarch64.whl", hash = "sha256:f92729c95468a2f4f15e9bb94c432a9229d0d50de67304399627a943201baa2f", size = 14010719, upload-time = "2025-05-17T21:38:58.433Z" },
    { url = "https://files.pythonhosted.org/packages/19/49/4df9123aafa7b539317bf6d342cb6d227e49f7a35b99c287a6109b13dd93/numpy-2.2.6-cp313-cp313-manylinux_2_17_x86_64.manylinux2014_x86_64.whl", hash = "sha256:1bc23a79bfabc5d056d106f9befb8d50c31ced2fbc70eedb8155aec74a45798f", size = 16526072, upload-time = "2025-05-17T21:39:22.638Z" },
    { url = "https://files.pythonhosted.org/packages/b2/6c/04b5f47f4f32f7c2b0e7260442a8cbcf8168b0e1a41ff1495da42f42a14f/numpy-2.2.6-cp313-cp313-musllinux_1_2_aarch64.whl", hash = "sha256:e3143e4451880bed956e706a3220b4e5cf6172ef05fcc397f6f36a550b1dd868", size = 15503213, upload-time = "2025-05-17T21:39:45.865Z" },
    { url = "https://files.pythonhosted.org/packages/17/0a/5cd92e352c1307640d5b6fec1b2ffb06cd0dabe7d7b8227f97933d378422/numpy-2.2.6-cp313-cp313-musllinux_1_2_x86_64.whl", hash = "sha256:b4f13750ce79751586ae2eb824ba7e1e8dba64784086c98cdbbcc6a42112ce0d", size = 18316632, upload-time = "2025-05-17T21:40:13.331Z" },
    { url = "https://files.pythonhosted.org/packages/f0/3b/5cba2b1d88760ef86596ad0f3d484b1cbff7c115ae2429678465057c5155/numpy-2.2.6-cp313-cp313-win32.whl", hash = "sha256:5beb72339d9d4fa36522fc63802f469b13cdbe4fdab4a288f0c441b74272ebfd", size = 6244532, upload-time = "2025-05-17T21:43:46.099Z" },
    { url = "https://files.pythonhosted.org/packages/cb/3b/d58c12eafcb298d4e6d0d40216866ab15f59e55d148a5658bb3132311fcf/numpy-2.2.6-cp313-cp313-win_amd64.whl", hash = "sha256:b0544343a702fa80c95ad5d3d608ea3599dd54d4632df855e4c8d24eb6ecfa1c", size = 12610885, upload-time = "2025-05-17T21:44:05.145Z" },
    { url = "https://files.pythonhosted.org/packages/6b/9e/4bf918b818e516322db999ac25d00c75788ddfd2d2ade4fa66f1f38097e1/numpy-2.2.6-cp313-cp313t-macosx_10_13_x86_64.whl", hash = "sha256:0bca768cd85ae743b2affdc762d617eddf3bcf8724435498a1e80132d04879e6", size = 20963467, upload-time = "2025-05-17T21:40:44Z" },
    { url = "https://files.pythonhosted.org/packages/61/66/d2de6b291507517ff2e438e13ff7b1e2cdbdb7cb40b3ed475377aece69f9/numpy-2.2.6-cp313-cp313t-macosx_11_0_arm64.whl", hash = "sha256:fc0c5673685c508a142ca65209b4e79ed6740a4ed6b2267dbba90f34b0b3cfda", size = 14225144, upload-time = "2025-05-17T21:41:05.695Z" },
    { url = "https://files.pythonhosted.org/packages/e4/25/480387655407ead912e28ba3a820bc69af9adf13bcbe40b299d454ec011f/numpy-2.2.6-cp313-cp313t-macosx_14_0_arm64.whl", hash = "sha256:5bd4fc3ac8926b3819797a7c0e2631eb889b4118a9898c84f585a54d475b7e40", size = 5200217, upload-time = "2025-05-17T21:41:15.903Z" },
    { url = "https://files.pythonhosted.org/packages/aa/4a/6e313b5108f53dcbf3aca0c0f3e9c92f4c10ce57a0a721851f9785872895/numpy-2.2.6-cp313-cp313t-macosx_14_0_x86_64.whl", hash = "sha256:fee4236c876c4e8369388054d02d0e9bb84821feb1a64dd59e137e6511a551f8", size = 6712014, upload-time = "2025-05-17T21:41:27.321Z" },
    { url = "https://files.pythonhosted.org/packages/b7/30/172c2d5c4be71fdf476e9de553443cf8e25feddbe185e0bd88b096915bcc/numpy-2.2.6-cp313-cp313t-manylinux_2_17_aarch64.manylinux2014_aarch64.whl", hash = "sha256:e1dda9c7e08dc141e0247a5b8f49cf05984955246a327d4c48bda16821947b2f", size = 14077935, upload-time = "2025-05-17T21:41:49.738Z" },
    { url = "https://files.pythonhosted.org/packages/12/fb/9e743f8d4e4d3c710902cf87af3512082ae3d43b945d5d16563f26ec251d/numpy-2.2.6-cp313-cp313t-manylinux_2_17_x86_64.manylinux2014_x86_64.whl", hash = "sha256:f447e6acb680fd307f40d3da4852208af94afdfab89cf850986c3ca00562f4fa", size = 16600122, upload-time = "2025-05-17T21:42:14.046Z" },
    { url = "https://files.pythonhosted.org/packages/12/75/ee20da0e58d3a66f204f38916757e01e33a9737d0b22373b3eb5a27358f9/numpy-2.2.6-cp313-cp313t-musllinux_1_2_aarch64.whl", hash = "sha256:389d771b1623ec92636b0786bc4ae56abafad4a4c513d36a55dce14bd9ce8571", size = 15586143, upload-time = "2025-05-17T21:42:37.464Z" },
    { url = "https://files.pythonhosted.org/packages/76/95/bef5b37f29fc5e739947e9ce5179ad402875633308504a52d188302319c8/numpy-2.2.6-cp313-cp313t-musllinux_1_2_x86_64.whl", hash = "sha256:8e9ace4a37db23421249ed236fdcdd457d671e25146786dfc96835cd951aa7c1", size = 18385260, upload-time = "2025-05-17T21:43:05.189Z" },
    { url = "https://files.pythonhosted.org/packages/09/04/f2f83279d287407cf36a7a8053a5abe7be3622a4363337338f2585e4afda/numpy-2.2.6-cp313-cp313t-win32.whl", hash = "sha256:038613e9fb8c72b0a41f025a7e4c3f0b7a1b5d768ece4796b674c8f3fe13efff", size = 6377225, upload-time = "2025-05-17T21:43:16.254Z" },
    { url = "https://files.pythonhosted.org/packages/67/0e/35082d13c09c02c011cf21570543d202ad929d961c02a147493cb0c2bdf5/numpy-2.2.6-cp313-cp313t-win_amd64.whl", hash = "sha256:6031dd6dfecc0cf9f668681a37648373bddd6421fff6c66ec1624eed0180ee06", size = 12771374, upload-time = "2025-05-17T21:43:35.479Z" },
]

[[package]]
name = "opencv-python"
version = "4.12.0.88"
source = { registry = "https://pypi.org/simple" }
dependencies = [
    { name = "numpy" },
]
sdist = { url = "https://files.pythonhosted.org/packages/ac/71/25c98e634b6bdeca4727c7f6d6927b056080668c5008ad3c8fc9e7f8f6ec/opencv-python-4.12.0.88.tar.gz", hash = "sha256:8b738389cede219405f6f3880b851efa3415ccd674752219377353f017d2994d", size = 95373294, upload-time = "2025-07-07T09:20:52.389Z" }
wheels = [
    { url = "https://files.pythonhosted.org/packages/85/68/3da40142e7c21e9b1d4e7ddd6c58738feb013203e6e4b803d62cdd9eb96b/opencv_python-4.12.0.88-cp37-abi3-macosx_13_0_arm64.whl", hash = "sha256:f9a1f08883257b95a5764bf517a32d75aec325319c8ed0f89739a57fae9e92a5", size = 37877727, upload-time = "2025-07-07T09:13:31.47Z" },
    { url = "https://files.pythonhosted.org/packages/33/7c/042abe49f58d6ee7e1028eefc3334d98ca69b030e3b567fe245a2b28ea6f/opencv_python-4.12.0.88-cp37-abi3-macosx_13_0_x86_64.whl", hash = "sha256:812eb116ad2b4de43ee116fcd8991c3a687f099ada0b04e68f64899c09448e81", size = 57326471, upload-time = "2025-07-07T09:13:41.26Z" },
    { url = "https://files.pythonhosted.org/packages/62/3a/440bd64736cf8116f01f3b7f9f2e111afb2e02beb2ccc08a6458114a6b5d/opencv_python-4.12.0.88-cp37-abi3-manylinux2014_aarch64.manylinux_2_17_aarch64.whl", hash = "sha256:51fd981c7df6af3e8f70b1556696b05224c4e6b6777bdd2a46b3d4fb09de1a92", size = 45887139, upload-time = "2025-07-07T09:13:50.761Z" },
    { url = "https://files.pythonhosted.org/packages/68/1f/795e7f4aa2eacc59afa4fb61a2e35e510d06414dd5a802b51a012d691b37/opencv_python-4.12.0.88-cp37-abi3-manylinux2014_x86_64.manylinux_2_17_x86_64.whl", hash = "sha256:092c16da4c5a163a818f120c22c5e4a2f96e0db4f24e659c701f1fe629a690f9", size = 67041680, upload-time = "2025-07-07T09:14:01.995Z" },
    { url = "https://files.pythonhosted.org/packages/02/96/213fea371d3cb2f1d537612a105792aa0a6659fb2665b22cad709a75bd94/opencv_python-4.12.0.88-cp37-abi3-win32.whl", hash = "sha256:ff554d3f725b39878ac6a2e1fa232ec509c36130927afc18a1719ebf4fbf4357", size = 30284131, upload-time = "2025-07-07T09:14:08.819Z" },
    { url = "https://files.pythonhosted.org/packages/fa/80/eb88edc2e2b11cd2dd2e56f1c80b5784d11d6e6b7f04a1145df64df40065/opencv_python-4.12.0.88-cp37-abi3-win_amd64.whl", hash = "sha256:d98edb20aa932fd8ebd276a72627dad9dc097695b3d435a4257557bbb49a79d2", size = 39000307, upload-time = "2025-07-07T09:14:16.641Z" },
]

[[package]]
name = "pandas"
version = "2.3.2"
source = { registry = "https://pypi.org/simple" }
dependencies = [
    { name = "numpy" },
    { name = "python-dateutil" },
    { name = "pytz" },
    { name = "tzdata" },
]
sdist = { url = "https://files.pythonhosted.org/packages/79/8e/0e90233ac205ad182bd6b422532695d2b9414944a280488105d598c70023/pandas-2.3.2.tar.gz", hash = "sha256:ab7b58f8f82706890924ccdfb5f48002b83d2b5a3845976a9fb705d36c34dcdb", size = 4488684, upload-time = "2025-08-21T10:28:29.257Z" }
wheels = [
    { url = "https://files.pythonhosted.org/packages/27/64/a2f7bf678af502e16b472527735d168b22b7824e45a4d7e96a4fbb634b59/pandas-2.3.2-cp313-cp313-macosx_10_13_x86_64.whl", hash = "sha256:0c6ecbac99a354a051ef21c5307601093cb9e0f4b1855984a084bfec9302699e", size = 11531061, upload-time = "2025-08-21T10:27:34.647Z" },
    { url = "https://files.pythonhosted.org/packages/54/4c/c3d21b2b7769ef2f4c2b9299fcadd601efa6729f1357a8dbce8dd949ed70/pandas-2.3.2-cp313-cp313-macosx_11_0_arm64.whl", hash = "sha256:c6f048aa0fd080d6a06cc7e7537c09b53be6642d330ac6f54a600c3ace857ee9", size = 10668666, upload-time = "2025-08-21T10:27:37.203Z" },
    { url = "https://files.pythonhosted.org/packages/50/e2/f775ba76ecfb3424d7f5862620841cf0edb592e9abd2d2a5387d305fe7a8/pandas-2.3.2-cp313-cp313-manylinux_2_17_aarch64.manylinux2014_aarch64.whl", hash = "sha256:0064187b80a5be6f2f9c9d6bdde29372468751dfa89f4211a3c5871854cfbf7a", size = 11332835, upload-time = "2025-08-21T10:27:40.188Z" },
    { url = "https://files.pythonhosted.org/packages/8f/52/0634adaace9be2d8cac9ef78f05c47f3a675882e068438b9d7ec7ef0c13f/pandas-2.3.2-cp313-cp313-manylinux_2_17_x86_64.manylinux2014_x86_64.whl", hash = "sha256:4ac8c320bded4718b298281339c1a50fb00a6ba78cb2a63521c39bec95b0209b", size = 12057211, upload-time = "2025-08-21T10:27:43.117Z" },
    { url = "https://files.pythonhosted.org/packages/0b/9d/2df913f14b2deb9c748975fdb2491da1a78773debb25abbc7cbc67c6b549/pandas-2.3.2-cp313-cp313-musllinux_1_2_aarch64.whl", hash = "sha256:114c2fe4f4328cf98ce5716d1532f3ab79c5919f95a9cfee81d9140064a2e4d6", size = 12749277, upload-time = "2025-08-21T10:27:45.474Z" },
    { url = "https://files.pythonhosted.org/packages/87/af/da1a2417026bd14d98c236dba88e39837182459d29dcfcea510b2ac9e8a1/pandas-2.3.2-cp313-cp313-musllinux_1_2_x86_64.whl", hash = "sha256:48fa91c4dfb3b2b9bfdb5c24cd3567575f4e13f9636810462ffed8925352be5a", size = 13415256, upload-time = "2025-08-21T10:27:49.885Z" },
    { url = "https://files.pythonhosted.org/packages/22/3c/f2af1ce8840ef648584a6156489636b5692c162771918aa95707c165ad2b/pandas-2.3.2-cp313-cp313-win_amd64.whl", hash = "sha256:12d039facec710f7ba305786837d0225a3444af7bbd9c15c32ca2d40d157ed8b", size = 10982579, upload-time = "2025-08-21T10:28:08.435Z" },
    { url = "https://files.pythonhosted.org/packages/f3/98/8df69c4097a6719e357dc249bf437b8efbde808038268e584421696cbddf/pandas-2.3.2-cp313-cp313t-macosx_10_13_x86_64.whl", hash = "sha256:c624b615ce97864eb588779ed4046186f967374185c047070545253a52ab2d57", size = 12028163, upload-time = "2025-08-21T10:27:52.232Z" },
    { url = "https://files.pythonhosted.org/packages/0e/23/f95cbcbea319f349e10ff90db488b905c6883f03cbabd34f6b03cbc3c044/pandas-2.3.2-cp313-cp313t-macosx_11_0_arm64.whl", hash = "sha256:0cee69d583b9b128823d9514171cabb6861e09409af805b54459bd0c821a35c2", size = 11391860, upload-time = "2025-08-21T10:27:54.673Z" },
    { url = "https://files.pythonhosted.org/packages/ad/1b/6a984e98c4abee22058aa75bfb8eb90dce58cf8d7296f8bc56c14bc330b0/pandas-2.3.2-cp313-cp313t-manylinux_2_17_aarch64.manylinux2014_aarch64.whl", hash = "sha256:2319656ed81124982900b4c37f0e0c58c015af9a7bbc62342ba5ad07ace82ba9", size = 11309830, upload-time = "2025-08-21T10:27:56.957Z" },
    { url = "https://files.pythonhosted.org/packages/15/d5/f0486090eb18dd8710bf60afeaf638ba6817047c0c8ae5c6a25598665609/pandas-2.3.2-cp313-cp313t-manylinux_2_17_x86_64.manylinux2014_x86_64.whl", hash = "sha256:b37205ad6f00d52f16b6d09f406434ba928c1a1966e2771006a9033c736d30d2", size = 11883216, upload-time = "2025-08-21T10:27:59.302Z" },
    { url = "https://files.pythonhosted.org/packages/10/86/692050c119696da19e20245bbd650d8dfca6ceb577da027c3a73c62a047e/pandas-2.3.2-cp313-cp313t-musllinux_1_2_aarch64.whl", hash = "sha256:837248b4fc3a9b83b9c6214699a13f069dc13510a6a6d7f9ba33145d2841a012", size = 12699743, upload-time = "2025-08-21T10:28:02.447Z" },
    { url = "https://files.pythonhosted.org/packages/cd/d7/612123674d7b17cf345aad0a10289b2a384bff404e0463a83c4a3a59d205/pandas-2.3.2-cp313-cp313t-musllinux_1_2_x86_64.whl", hash = "sha256:d2c3554bd31b731cd6490d94a28f3abb8dd770634a9e06eb6d2911b9827db370", size = 13186141, upload-time = "2025-08-21T10:28:05.377Z" },
]

[[package]]
name = "pynrrd"
version = "1.1.3"
source = { registry = "https://pypi.org/simple" }
dependencies = [
    { name = "numpy" },
    { name = "typing-extensions" },
]
sdist = { url = "https://files.pythonhosted.org/packages/d7/88/5cf97e319ca11a2983938e6e486011166a4e580678cfe575d980146c74af/pynrrd-1.1.3.tar.gz", hash = "sha256:a331263bc9f05c3168182e61d6098e256a34e0fadbb7427a1d086d8942fbcbe0", size = 21679, upload-time = "2025-01-23T05:13:58.448Z" }
wheels = [
    { url = "https://files.pythonhosted.org/packages/21/84/34fa17e364f8332021d4b0f75beecd4b95a76a41449e96ed0ddac5a767e0/pynrrd-1.1.3-py3-none-any.whl", hash = "sha256:21f7e370045e7ef8a86841965b2ff3a18937efbb4e2078e346168463f8f34b7e", size = 23486, upload-time = "2025-01-23T05:13:56.716Z" },
]

[[package]]
name = "python-dateutil"
version = "2.9.0.post0"
source = { registry = "https://pypi.org/simple" }
dependencies = [
    { name = "six" },
]
sdist = { url = "https://files.pythonhosted.org/packages/66/c0/0c8b6ad9f17a802ee498c46e004a0eb49bc148f2fd230864601a86dcf6db/python-dateutil-2.9.0.post0.tar.gz", hash = "sha256:37dd54208da7e1cd875388217d5e00ebd4179249f90fb72437e91a35459a0ad3", size = 342432, upload-time = "2024-03-01T18:36:20.211Z" }
wheels = [
    { url = "https://files.pythonhosted.org/packages/ec/57/56b9bcc3c9c6a792fcbaf139543cee77261f3651ca9da0c93f5c1221264b/python_dateutil-2.9.0.post0-py2.py3-none-any.whl", hash = "sha256:a8b2bc7bffae282281c8140a97d3aa9c14da0b136dfe83f850eea9a5f7470427", size = 229892, upload-time = "2024-03-01T18:36:18.57Z" },
]

[[package]]
name = "pytz"
version = "2025.2"
source = { registry = "https://pypi.org/simple" }
sdist = { url = "https://files.pythonhosted.org/packages/f8/bf/abbd3cdfb8fbc7fb3d4d38d320f2441b1e7cbe29be4f23797b4a2b5d8aac/pytz-2025.2.tar.gz", hash = "sha256:360b9e3dbb49a209c21ad61809c7fb453643e048b38924c765813546746e81c3", size = 320884, upload-time = "2025-03-25T02:25:00.538Z" }
wheels = [
    { url = "https://files.pythonhosted.org/packages/81/c4/34e93fe5f5429d7570ec1fa436f1986fb1f00c3e0f43a589fe2bbcd22c3f/pytz-2025.2-py2.py3-none-any.whl", hash = "sha256:5ddf76296dd8c44c26eb8f4b6f35488f3ccbf6fbbd7adee0b7262d43f0ec2f00", size = 509225, upload-time = "2025-03-25T02:24:58.468Z" },
]

[[package]]
name = "scikit-learn"
version = "1.7.2"
source = { registry = "https://pypi.org/simple" }
dependencies = [
    { name = "joblib" },
    { name = "numpy" },
    { name = "scipy" },
    { name = "threadpoolctl" },
]
sdist = { url = "https://files.pythonhosted.org/packages/98/c2/a7855e41c9d285dfe86dc50b250978105dce513d6e459ea66a6aeb0e1e0c/scikit_learn-1.7.2.tar.gz", hash = "sha256:20e9e49ecd130598f1ca38a1d85090e1a600147b9c02fa6f15d69cb53d968fda", size = 7193136, upload-time = "2025-09-09T08:21:29.075Z" }
wheels = [
    { url = "https://files.pythonhosted.org/packages/ae/93/a3038cb0293037fd335f77f31fe053b89c72f17b1c8908c576c29d953e84/scikit_learn-1.7.2-cp313-cp313-macosx_10_13_x86_64.whl", hash = "sha256:0b7dacaa05e5d76759fb071558a8b5130f4845166d88654a0f9bdf3eb57851b7", size = 9212382, upload-time = "2025-09-09T08:20:54.731Z" },
    { url = "https://files.pythonhosted.org/packages/40/dd/9a88879b0c1104259136146e4742026b52df8540c39fec21a6383f8292c7/scikit_learn-1.7.2-cp313-cp313-macosx_12_0_arm64.whl", hash = "sha256:abebbd61ad9e1deed54cca45caea8ad5f79e1b93173dece40bb8e0c658dbe6fe", size = 8592042, upload-time = "2025-09-09T08:20:57.313Z" },
    { url = "https://files.pythonhosted.org/packages/46/af/c5e286471b7d10871b811b72ae794ac5fe2989c0a2df07f0ec723030f5f5/scikit_learn-1.7.2-cp313-cp313-manylinux2014_x86_64.manylinux_2_17_x86_64.whl", hash = "sha256:502c18e39849c0ea1a5d681af1dbcf15f6cce601aebb657aabbfe84133c1907f", size = 9434180, upload-time = "2025-09-09T08:20:59.671Z" },
    { url = "https://files.pythonhosted.org/packages/f1/fd/df59faa53312d585023b2da27e866524ffb8faf87a68516c23896c718320/scikit_learn-1.7.2-cp313-cp313-manylinux_2_27_aarch64.manylinux_2_28_aarch64.whl", hash = "sha256:7a4c328a71785382fe3fe676a9ecf2c86189249beff90bf85e22bdb7efaf9ae0", size = 9283660, upload-time = "2025-09-09T08:21:01.71Z" },
    { url = "https://files.pythonhosted.org/packages/a7/c7/03000262759d7b6f38c836ff9d512f438a70d8a8ddae68ee80de72dcfb63/scikit_learn-1.7.2-cp313-cp313-win_amd64.whl", hash = "sha256:63a9afd6f7b229aad94618c01c252ce9e6fa97918c5ca19c9a17a087d819440c", size = 8702057, upload-time = "2025-09-09T08:21:04.234Z" },
    { url = "https://files.pythonhosted.org/packages/55/87/ef5eb1f267084532c8e4aef98a28b6ffe7425acbfd64b5e2f2e066bc29b3/scikit_learn-1.7.2-cp313-cp313t-macosx_10_13_x86_64.whl", hash = "sha256:9acb6c5e867447b4e1390930e3944a005e2cb115922e693c08a323421a6966e8", size = 9558731, upload-time = "2025-09-09T08:21:06.381Z" },
    { url = "https://files.pythonhosted.org/packages/93/f8/6c1e3fc14b10118068d7938878a9f3f4e6d7b74a8ddb1e5bed65159ccda8/scikit_learn-1.7.2-cp313-cp313t-macosx_12_0_arm64.whl", hash = "sha256:2a41e2a0ef45063e654152ec9d8bcfc39f7afce35b08902bfe290c2498a67a6a", size = 9038852, upload-time = "2025-09-09T08:21:08.628Z" },
    { url = "https://files.pythonhosted.org/packages/83/87/066cafc896ee540c34becf95d30375fe5cbe93c3b75a0ee9aa852cd60021/scikit_learn-1.7.2-cp313-cp313t-manylinux2014_x86_64.manylinux_2_17_x86_64.whl", hash = "sha256:98335fb98509b73385b3ab2bd0639b1f610541d3988ee675c670371d6a87aa7c", size = 9527094, upload-time = "2025-09-09T08:21:11.486Z" },
    { url = "https://files.pythonhosted.org/packages/9c/2b/4903e1ccafa1f6453b1ab78413938c8800633988c838aa0be386cbb33072/scikit_learn-1.7.2-cp313-cp313t-manylinux_2_27_aarch64.manylinux_2_28_aarch64.whl", hash = "sha256:191e5550980d45449126e23ed1d5e9e24b2c68329ee1f691a3987476e115e09c", size = 9367436, upload-time = "2025-09-09T08:21:13.602Z" },
    { url = "https://files.pythonhosted.org/packages/b5/aa/8444be3cfb10451617ff9d177b3c190288f4563e6c50ff02728be67ad094/scikit_learn-1.7.2-cp313-cp313t-win_amd64.whl", hash = "sha256:57dc4deb1d3762c75d685507fbd0bc17160144b2f2ba4ccea5dc285ab0d0e973", size = 9275749, upload-time = "2025-09-09T08:21:15.96Z" },
    { url = "https://files.pythonhosted.org/packages/d9/82/dee5acf66837852e8e68df6d8d3a6cb22d3df997b733b032f513d95205b7/scikit_learn-1.7.2-cp314-cp314-macosx_10_13_x86_64.whl", hash = "sha256:fa8f63940e29c82d1e67a45d5297bdebbcb585f5a5a50c4914cc2e852ab77f33", size = 9208906, upload-time = "2025-09-09T08:21:18.557Z" },
    { url = "https://files.pythonhosted.org/packages/3c/30/9029e54e17b87cb7d50d51a5926429c683d5b4c1732f0507a6c3bed9bf65/scikit_learn-1.7.2-cp314-cp314-macosx_12_0_arm64.whl", hash = "sha256:f95dc55b7902b91331fa4e5845dd5bde0580c9cd9612b1b2791b7e80c3d32615", size = 8627836, upload-time = "2025-09-09T08:21:20.695Z" },
    { url = "https://files.pythonhosted.org/packages/60/18/4a52c635c71b536879f4b971c2cedf32c35ee78f48367885ed8025d1f7ee/scikit_learn-1.7.2-cp314-cp314-manylinux2014_x86_64.manylinux_2_17_x86_64.whl", hash = "sha256:9656e4a53e54578ad10a434dc1f993330568cfee176dff07112b8785fb413106", size = 9426236, upload-time = "2025-09-09T08:21:22.645Z" },
    { url = "https://files.pythonhosted.org/packages/99/7e/290362f6ab582128c53445458a5befd471ed1ea37953d5bcf80604619250/scikit_learn-1.7.2-cp314-cp314-manylinux_2_27_aarch64.manylinux_2_28_aarch64.whl", hash = "sha256:96dc05a854add0e50d3f47a1ef21a10a595016da5b007c7d9cd9d0bffd1fcc61", size = 9312593, upload-time = "2025-09-09T08:21:24.65Z" },
    { url = "https://files.pythonhosted.org/packages/8e/87/24f541b6d62b1794939ae6422f8023703bbf6900378b2b34e0b4384dfefd/scikit_learn-1.7.2-cp314-cp314-win_amd64.whl", hash = "sha256:bb24510ed3f9f61476181e4db51ce801e2ba37541def12dc9333b946fc7a9cf8", size = 8820007, upload-time = "2025-09-09T08:21:26.713Z" },
]

[[package]]
name = "scipy"
version = "1.16.1"
source = { registry = "https://pypi.org/simple" }
dependencies = [
    { name = "numpy" },
]
sdist = { url = "https://files.pythonhosted.org/packages/f5/4a/b927028464795439faec8eaf0b03b011005c487bb2d07409f28bf30879c4/scipy-1.16.1.tar.gz", hash = "sha256:44c76f9e8b6e8e488a586190ab38016e4ed2f8a038af7cd3defa903c0a2238b3", size = 30580861, upload-time = "2025-07-27T16:33:30.834Z" }
wheels = [
    { url = "https://files.pythonhosted.org/packages/93/0b/b5c99382b839854a71ca9482c684e3472badc62620287cbbdab499b75ce6/scipy-1.16.1-cp313-cp313-macosx_10_14_x86_64.whl", hash = "sha256:5451606823a5e73dfa621a89948096c6528e2896e40b39248295d3a0138d594f", size = 36533717, upload-time = "2025-07-27T16:28:51.706Z" },
    { url = "https://files.pythonhosted.org/packages/eb/e5/69ab2771062c91e23e07c12e7d5033a6b9b80b0903ee709c3c36b3eb520c/scipy-1.16.1-cp313-cp313-macosx_12_0_arm64.whl", hash = "sha256:89728678c5ca5abd610aee148c199ac1afb16e19844401ca97d43dc548a354eb", size = 28570009, upload-time = "2025-07-27T16:28:57.017Z" },
    { url = "https://files.pythonhosted.org/packages/f4/69/bd75dbfdd3cf524f4d753484d723594aed62cfaac510123e91a6686d520b/scipy-1.16.1-cp313-cp313-macosx_14_0_arm64.whl", hash = "sha256:e756d688cb03fd07de0fffad475649b03cb89bee696c98ce508b17c11a03f95c", size = 20841942, upload-time = "2025-07-27T16:29:01.152Z" },
    { url = "https://files.pythonhosted.org/packages/ea/74/add181c87663f178ba7d6144b370243a87af8476664d5435e57d599e6874/scipy-1.16.1-cp313-cp313-macosx_14_0_x86_64.whl", hash = "sha256:5aa2687b9935da3ed89c5dbed5234576589dd28d0bf7cd237501ccfbdf1ad608", size = 23498507, upload-time = "2025-07-27T16:29:05.202Z" },
    { url = "https://files.pythonhosted.org/packages/1d/74/ece2e582a0d9550cee33e2e416cc96737dce423a994d12bbe59716f47ff1/scipy-1.16.1-cp313-cp313-manylinux2014_aarch64.manylinux_2_17_aarch64.whl", hash = "sha256:0851f6a1e537fe9399f35986897e395a1aa61c574b178c0d456be5b1a0f5ca1f", size = 33286040, upload-time = "2025-07-27T16:29:10.201Z" },
    { url = "https://files.pythonhosted.org/packages/e4/82/08e4076df538fb56caa1d489588d880ec7c52d8273a606bb54d660528f7c/scipy-1.16.1-cp313-cp313-manylinux2014_x86_64.manylinux_2_17_x86_64.whl", hash = "sha256:fedc2cbd1baed37474b1924c331b97bdff611d762c196fac1a9b71e67b813b1b", size = 35176096, upload-time = "2025-07-27T16:29:17.091Z" },
    { url = "https://files.pythonhosted.org/packages/fa/79/cd710aab8c921375711a8321c6be696e705a120e3011a643efbbcdeeabcc/scipy-1.16.1-cp313-cp313-musllinux_1_2_aarch64.whl", hash = "sha256:2ef500e72f9623a6735769e4b93e9dcb158d40752cdbb077f305487e3e2d1f45", size = 35490328, upload-time = "2025-07-27T16:29:22.928Z" },
    { url = "https://files.pythonhosted.org/packages/71/73/e9cc3d35ee4526d784520d4494a3e1ca969b071fb5ae5910c036a375ceec/scipy-1.16.1-cp313-cp313-musllinux_1_2_x86_64.whl", hash = "sha256:978d8311674b05a8f7ff2ea6c6bce5d8b45a0cb09d4c5793e0318f448613ea65", size = 37939921, upload-time = "2025-07-27T16:29:29.108Z" },
    { url = "https://files.pythonhosted.org/packages/21/12/c0efd2941f01940119b5305c375ae5c0fcb7ec193f806bd8f158b73a1782/scipy-1.16.1-cp313-cp313-win_amd64.whl", hash = "sha256:81929ed0fa7a5713fcdd8b2e6f73697d3b4c4816d090dd34ff937c20fa90e8ab", size = 38479462, upload-time = "2025-07-27T16:30:24.078Z" },
    { url = "https://files.pythonhosted.org/packages/7a/19/c3d08b675260046a991040e1ea5d65f91f40c7df1045fffff412dcfc6765/scipy-1.16.1-cp313-cp313t-macosx_10_14_x86_64.whl", hash = "sha256:bcc12db731858abda693cecdb3bdc9e6d4bd200213f49d224fe22df82687bdd6", size = 36938832, upload-time = "2025-07-27T16:29:35.057Z" },
    { url = "https://files.pythonhosted.org/packages/81/f2/ce53db652c033a414a5b34598dba6b95f3d38153a2417c5a3883da429029/scipy-1.16.1-cp313-cp313t-macosx_12_0_arm64.whl", hash = "sha256:744d977daa4becb9fc59135e75c069f8d301a87d64f88f1e602a9ecf51e77b27", size = 29093084, upload-time = "2025-07-27T16:29:40.201Z" },
    { url = "https://files.pythonhosted.org/packages/a9/ae/7a10ff04a7dc15f9057d05b33737ade244e4bd195caa3f7cc04d77b9e214/scipy-1.16.1-cp313-cp313t-macosx_14_0_arm64.whl", hash = "sha256:dc54f76ac18073bcecffb98d93f03ed6b81a92ef91b5d3b135dcc81d55a724c7", size = 21365098, upload-time = "2025-07-27T16:29:44.295Z" },
    { url = "https://files.pythonhosted.org/packages/36/ac/029ff710959932ad3c2a98721b20b405f05f752f07344622fd61a47c5197/scipy-1.16.1-cp313-cp313t-macosx_14_0_x86_64.whl", hash = "sha256:367d567ee9fc1e9e2047d31f39d9d6a7a04e0710c86e701e053f237d14a9b4f6", size = 23896858, upload-time = "2025-07-27T16:29:48.784Z" },
    { url = "https://files.pythonhosted.org/packages/71/13/d1ef77b6bd7898720e1f0b6b3743cb945f6c3cafa7718eaac8841035ab60/scipy-1.16.1-cp313-cp313t-manylinux2014_aarch64.manylinux_2_17_aarch64.whl", hash = "sha256:4cf5785e44e19dcd32a0e4807555e1e9a9b8d475c6afff3d21c3c543a6aa84f4", size = 33438311, upload-time = "2025-07-27T16:29:54.164Z" },
    { url = "https://files.pythonhosted.org/packages/2d/e0/e64a6821ffbb00b4c5b05169f1c1fddb4800e9307efe3db3788995a82a2c/scipy-1.16.1-cp313-cp313t-manylinux2014_x86_64.manylinux_2_17_x86_64.whl", hash = "sha256:3d0b80fb26d3e13a794c71d4b837e2a589d839fd574a6bbb4ee1288c213ad4a3", size = 35279542, upload-time = "2025-07-27T16:30:00.249Z" },
    { url = "https://files.pythonhosted.org/packages/57/59/0dc3c8b43e118f1e4ee2b798dcc96ac21bb20014e5f1f7a8e85cc0653bdb/scipy-1.16.1-cp313-cp313t-musllinux_1_2_aarch64.whl", hash = "sha256:8503517c44c18d1030d666cb70aaac1cc8913608816e06742498833b128488b7", size = 35667665, upload-time = "2025-07-27T16:30:05.916Z" },
    { url = "https://files.pythonhosted.org/packages/45/5f/844ee26e34e2f3f9f8febb9343748e72daeaec64fe0c70e9bf1ff84ec955/scipy-1.16.1-cp313-cp313t-musllinux_1_2_x86_64.whl", hash = "sha256:30cc4bb81c41831ecfd6dc450baf48ffd80ef5aed0f5cf3ea775740e80f16ecc", size = 38045210, upload-time = "2025-07-27T16:30:11.655Z" },
    { url = "https://files.pythonhosted.org/packages/8d/d7/210f2b45290f444f1de64bc7353aa598ece9f0e90c384b4a156f9b1a5063/scipy-1.16.1-cp313-cp313t-win_amd64.whl", hash = "sha256:c24fa02f7ed23ae514460a22c57eca8f530dbfa50b1cfdbf4f37c05b5309cc39", size = 38593661, upload-time = "2025-07-27T16:30:17.825Z" },
    { url = "https://files.pythonhosted.org/packages/81/ea/84d481a5237ed223bd3d32d6e82d7a6a96e34756492666c260cef16011d1/scipy-1.16.1-cp314-cp314-macosx_10_14_x86_64.whl", hash = "sha256:796a5a9ad36fa3a782375db8f4241ab02a091308eb079746bc0f874c9b998318", size = 36525921, upload-time = "2025-07-27T16:30:30.081Z" },
    { url = "https://files.pythonhosted.org/packages/4e/9f/d9edbdeff9f3a664807ae3aea383e10afaa247e8e6255e6d2aa4515e8863/scipy-1.16.1-cp314-cp314-macosx_12_0_arm64.whl", hash = "sha256:3ea0733a2ff73fd6fdc5fecca54ee9b459f4d74f00b99aced7d9a3adb43fb1cc", size = 28564152, upload-time = "2025-07-27T16:30:35.336Z" },
    { url = "https://files.pythonhosted.org/packages/3b/95/8125bcb1fe04bc267d103e76516243e8d5e11229e6b306bda1024a5423d1/scipy-1.16.1-cp314-cp314-macosx_14_0_arm64.whl", hash = "sha256:85764fb15a2ad994e708258bb4ed8290d1305c62a4e1ef07c414356a24fcfbf8", size = 20836028, upload-time = "2025-07-27T16:30:39.421Z" },
    { url = "https://files.pythonhosted.org/packages/77/9c/bf92e215701fc70bbcd3d14d86337cf56a9b912a804b9c776a269524a9e9/scipy-1.16.1-cp314-cp314-macosx_14_0_x86_64.whl", hash = "sha256:ca66d980469cb623b1759bdd6e9fd97d4e33a9fad5b33771ced24d0cb24df67e", size = 23489666, upload-time = "2025-07-27T16:30:43.663Z" },
    { url = "https://files.pythonhosted.org/packages/5e/00/5e941d397d9adac41b02839011594620d54d99488d1be5be755c00cde9ee/scipy-1.16.1-cp314-cp314-manylinux2014_aarch64.manylinux_2_17_aarch64.whl", hash = "sha256:e7cc1ffcc230f568549fc56670bcf3df1884c30bd652c5da8138199c8c76dae0", size = 33358318, upload-time = "2025-07-27T16:30:48.982Z" },
    { url = "https://files.pythonhosted.org/packages/0e/87/8db3aa10dde6e3e8e7eb0133f24baa011377d543f5b19c71469cf2648026/scipy-1.16.1-cp314-cp314-manylinux2014_x86_64.manylinux_2_17_x86_64.whl", hash = "sha256:3ddfb1e8d0b540cb4ee9c53fc3dea3186f97711248fb94b4142a1b27178d8b4b", size = 35185724, upload-time = "2025-07-27T16:30:54.26Z" },
    { url = "https://files.pythonhosted.org/packages/89/b4/6ab9ae443216807622bcff02690262d8184078ea467efee2f8c93288a3b1/scipy-1.16.1-cp314-cp314-musllinux_1_2_aarch64.whl", hash = "sha256:4dc0e7be79e95d8ba3435d193e0d8ce372f47f774cffd882f88ea4e1e1ddc731", size = 35554335, upload-time = "2025-07-27T16:30:59.765Z" },
    { url = "https://files.pythonhosted.org/packages/9c/9a/d0e9dc03c5269a1afb60661118296a32ed5d2c24298af61b676c11e05e56/scipy-1.16.1-cp314-cp314-musllinux_1_2_x86_64.whl", hash = "sha256:f23634f9e5adb51b2a77766dac217063e764337fbc816aa8ad9aaebcd4397fd3", size = 37960310, upload-time = "2025-07-27T16:31:06.151Z" },
    { url = "https://files.pythonhosted.org/packages/5e/00/c8f3130a50521a7977874817ca89e0599b1b4ee8e938bad8ae798a0e1f0d/scipy-1.16.1-cp314-cp314-win_amd64.whl", hash = "sha256:57d75524cb1c5a374958a2eae3d84e1929bb971204cc9d52213fb8589183fc19", size = 39319239, upload-time = "2025-07-27T16:31:59.942Z" },
    { url = "https://files.pythonhosted.org/packages/f2/f2/1ca3eda54c3a7e4c92f6acef7db7b3a057deb135540d23aa6343ef8ad333/scipy-1.16.1-cp314-cp314t-macosx_10_14_x86_64.whl", hash = "sha256:d8da7c3dd67bcd93f15618938f43ed0995982eb38973023d46d4646c4283ad65", size = 36939460, upload-time = "2025-07-27T16:31:11.865Z" },
    { url = "https://files.pythonhosted.org/packages/80/30/98c2840b293a132400c0940bb9e140171dcb8189588619048f42b2ce7b4f/scipy-1.16.1-cp314-cp314t-macosx_12_0_arm64.whl", hash = "sha256:cc1d2f2fd48ba1e0620554fe5bc44d3e8f5d4185c8c109c7fbdf5af2792cfad2", size = 29093322, upload-time = "2025-07-27T16:31:17.045Z" },
    { url = "https://files.pythonhosted.org/packages/c1/e6/1e6e006e850622cf2a039b62d1a6ddc4497d4851e58b68008526f04a9a00/scipy-1.16.1-cp314-cp314t-macosx_14_0_arm64.whl", hash = "sha256:21a611ced9275cb861bacadbada0b8c0623bc00b05b09eb97f23b370fc2ae56d", size = 21365329, upload-time = "2025-07-27T16:31:21.188Z" },
    { url = "https://files.pythonhosted.org/packages/8e/02/72a5aa5b820589dda9a25e329ca752842bfbbaf635e36bc7065a9b42216e/scipy-1.16.1-cp314-cp314t-macosx_14_0_x86_64.whl", hash = "sha256:8dfbb25dffc4c3dd9371d8ab456ca81beeaf6f9e1c2119f179392f0dc1ab7695", size = 23897544, upload-time = "2025-07-27T16:31:25.408Z" },
    { url = "https://files.pythonhosted.org/packages/2b/dc/7122d806a6f9eb8a33532982234bed91f90272e990f414f2830cfe656e0b/scipy-1.16.1-cp314-cp314t-manylinux2014_aarch64.manylinux_2_17_aarch64.whl", hash = "sha256:f0ebb7204f063fad87fc0a0e4ff4a2ff40b2a226e4ba1b7e34bf4b79bf97cd86", size = 33442112, upload-time = "2025-07-27T16:31:30.62Z" },
    { url = "https://files.pythonhosted.org/packages/24/39/e383af23564daa1021a5b3afbe0d8d6a68ec639b943661841f44ac92de85/scipy-1.16.1-cp314-cp314t-manylinux2014_x86_64.manylinux_2_17_x86_64.whl", hash = "sha256:f1b9e5962656f2734c2b285a8745358ecb4e4efbadd00208c80a389227ec61ff", size = 35286594, upload-time = "2025-07-27T16:31:36.112Z" },
    { url = "https://files.pythonhosted.org/packages/95/47/1a0b0aff40c3056d955f38b0df5d178350c3d74734ec54f9c68d23910be5/scipy-1.16.1-cp314-cp314t-musllinux_1_2_aarch64.whl", hash = "sha256:5e1a106f8c023d57a2a903e771228bf5c5b27b5d692088f457acacd3b54511e4", size = 35665080, upload-time = "2025-07-27T16:31:42.025Z" },
    { url = "https://files.pythonhosted.org/packages/64/df/ce88803e9ed6e27fe9b9abefa157cf2c80e4fa527cf17ee14be41f790ad4/scipy-1.16.1-cp314-cp314t-musllinux_1_2_x86_64.whl", hash = "sha256:709559a1db68a9abc3b2c8672c4badf1614f3b440b3ab326d86a5c0491eafae3", size = 38050306, upload-time = "2025-07-27T16:31:48.109Z" },
    { url = "https://files.pythonhosted.org/packages/6e/6c/a76329897a7cae4937d403e623aa6aaea616a0bb5b36588f0b9d1c9a3739/scipy-1.16.1-cp314-cp314t-win_amd64.whl", hash = "sha256:c0c804d60492a0aad7f5b2bb1862f4548b990049e27e828391ff2bf6f7199998", size = 39427705, upload-time = "2025-07-27T16:31:53.96Z" },
]

[[package]]
name = "six"
version = "1.17.0"
source = { registry = "https://pypi.org/simple" }
sdist = { url = "https://files.pythonhosted.org/packages/94/e7/b2c673351809dca68a0e064b6af791aa332cf192da575fd474ed7d6f16a2/six-1.17.0.tar.gz", hash = "sha256:ff70335d468e7eb6ec65b95b99d3a2836546063f63acc5171de367e834932a81", size = 34031, upload-time = "2024-12-04T17:35:28.174Z" }
wheels = [
    { url = "https://files.pythonhosted.org/packages/b7/ce/149a00dd41f10bc29e5921b496af8b574d8413afcd5e30dfa0ed46c2cc5e/six-1.17.0-py2.py3-none-any.whl", hash = "sha256:4721f391ed90541fddacab5acf947aa0d3dc7d27b2e1e8eda2be8970586c3274", size = 11050, upload-time = "2024-12-04T17:35:26.475Z" },
]

[[package]]
name = "threadpoolctl"
version = "3.6.0"
source = { registry = "https://pypi.org/simple" }
sdist = { url = "https://files.pythonhosted.org/packages/b7/4d/08c89e34946fce2aec4fbb45c9016efd5f4d7f24af8e5d93296e935631d8/threadpoolctl-3.6.0.tar.gz", hash = "sha256:8ab8b4aa3491d812b623328249fab5302a68d2d71745c8a4c719a2fcaba9f44e", size = 21274, upload-time = "2025-03-13T13:49:23.031Z" }
wheels = [
    { url = "https://files.pythonhosted.org/packages/32/d5/f9a850d79b0851d1d4ef6456097579a9005b31fea68726a4ae5f2d82ddd9/threadpoolctl-3.6.0-py3-none-any.whl", hash = "sha256:43a0b8fd5a2928500110039e43a5eed8480b918967083ea48dc3ab9f13c4a7fb", size = 18638, upload-time = "2025-03-13T13:49:21.846Z" },
]

[[package]]
name = "typing-extensions"
version = "4.15.0"
source = { registry = "https://pypi.org/simple" }
sdist = { url = "https://files.pythonhosted.org/packages/72/94/1a15dd82efb362ac84269196e94cf00f187f7ed21c242792a923cdb1c61f/typing_extensions-4.15.0.tar.gz", hash = "sha256:0cea48d173cc12fa28ecabc3b837ea3cf6f38c6d1136f85cbaaf598984861466", size = 109391, upload-time = "2025-08-25T13:49:26.313Z" }
wheels = [
    { url = "https://files.pythonhosted.org/packages/18/67/36e9267722cc04a6b9f15c7f3441c2363321a3ea07da7ae0c0707beb2a9c/typing_extensions-4.15.0-py3-none-any.whl", hash = "sha256:f0fa19c6845758ab08074a0cfa8b7aecb71c999ca73d62883bc25cc018c4e548", size = 44614, upload-time = "2025-08-25T13:49:24.86Z" },
]

[[package]]
name = "tzdata"
version = "2025.2"
source = { registry = "https://pypi.org/simple" }
sdist = { url = "https://files.pythonhosted.org/packages/95/32/1a225d6164441be760d75c2c42e2780dc0873fe382da3e98a2e1e48361e5/tzdata-2025.2.tar.gz", hash = "sha256:b60a638fcc0daffadf82fe0f57e53d06bdec2f36c4df66280ae79bce6bd6f2b9", size = 196380, upload-time = "2025-03-23T13:54:43.652Z" }
wheels = [
    { url = "https://files.pythonhosted.org/packages/5c/23/c7abc0ca0a1526a0774eca151daeb8de62ec457e77262b66b359c3c7679e/tzdata-2025.2-py2.py3-none-any.whl", hash = "sha256:1a403fada01ff9221ca8044d701868fa132215d84beb92242d9acd2147f667a8", size = 347839, upload-time = "2025-03-23T13:54:41.845Z" },
]
